
Microsoft Visual Studio Solution File, Format Version 12.00
# Visual Studio 15
VisualStudioVersion = 15.0.27130.2010
MinimumVisualStudioVersion = 10.0.40219.1
Project("{FAE04EC0-301F-11D3-BF4B-00C04F79EFBC}") = "DALayer", "DALayer\DALayer.csproj", "{1E6F7C78-9FFF-40F6-8F90-DFED022CB5ED}"
EndProject
Global
	GlobalSection(SolutionConfigurationPlatforms) = preSolution
		Debug|Any CPU = Debug|Any CPU
		Release|Any CPU = Release|Any CPU
	EndGlobalSection
	GlobalSection(ProjectConfigurationPlatforms) = postSolution
		{1E6F7C78-9FFF-40F6-8F90-DFED022CB5ED}.Debug|Any CPU.ActiveCfg = Debug|Any CPU
		{1E6F7C78-9FFF-40F6-8F90-DFED022CB5ED}.Debug|Any CPU.Build.0 = Debug|Any CPU
		{1E6F7C78-9FFF-40F6-8F90-DFED022CB5ED}.Release|Any CPU.ActiveCfg = Release|Any CPU
		{1E6F7C78-9FFF-40F6-8F90-DFED022CB5ED}.Release|Any CPU.Build.0 = Release|Any CPU
	EndGlobalSection
	GlobalSection(SolutionProperties) = preSolution
		HideSolutionNode = FALSE
	EndGlobalSection
	GlobalSection(ExtensibilityGlobals) = postSolution
		SolutionGuid = {1883DA08-D9A5-4913-9130-DA4758EEEF75}
	EndGlobalSection
EndGlobal
