
Microsoft Visual Studio Solution File, Format Version 12.00
# Visual Studio 15
VisualStudioVersion = 15.0.27130.2010
MinimumVisualStudioVersion = 10.0.40219.1
Project("{FAE04EC0-301F-11D3-BF4B-00C04F79EFBC}") = "DALayer", "DALayer\DALayer.csproj", "{4F47FC43-5BB7-404E-8B15-6EA234159287}"
EndProject
Project("{FAE04EC0-301F-11D3-BF4B-00C04F79EFBC}") = "TestConsoleApp", "TestConsoleApp\TestConsoleApp.csproj", "{8A855840-026F-4235-9D42-0D4431AB6307}"
EndProject
Global
	GlobalSection(SolutionConfigurationPlatforms) = preSolution
		Debug|Any CPU = Debug|Any CPU
		Release|Any CPU = Release|Any CPU
	EndGlobalSection
	GlobalSection(ProjectConfigurationPlatforms) = postSolution
		{4F47FC43-5BB7-404E-8B15-6EA234159287}.Debug|Any CPU.ActiveCfg = Debug|Any CPU
		{4F47FC43-5BB7-404E-8B15-6EA234159287}.Debug|Any CPU.Build.0 = Debug|Any CPU
		{4F47FC43-5BB7-404E-8B15-6EA234159287}.Release|Any CPU.ActiveCfg = Release|Any CPU
		{4F47FC43-5BB7-404E-8B15-6EA234159287}.Release|Any CPU.Build.0 = Release|Any CPU
		{8A855840-026F-4235-9D42-0D4431AB6307}.Debug|Any CPU.ActiveCfg = Debug|Any CPU
		{8A855840-026F-4235-9D42-0D4431AB6307}.Debug|Any CPU.Build.0 = Debug|Any CPU
		{8A855840-026F-4235-9D42-0D4431AB6307}.Release|Any CPU.ActiveCfg = Release|Any CPU
		{8A855840-026F-4235-9D42-0D4431AB6307}.Release|Any CPU.Build.0 = Release|Any CPU
	EndGlobalSection
	GlobalSection(SolutionProperties) = preSolution
		HideSolutionNode = FALSE
	EndGlobalSection
	GlobalSection(ExtensibilityGlobals) = postSolution
		SolutionGuid = {B0013A1F-2182-4B56-A2AF-EAF3B4943A4C}
	EndGlobalSection
EndGlobal
